{
  "name": "sendpository-node-example",
  "lockfileVersion": 3,
  "requires": true,
  "packages": {
    "": {
      "name": "sendpository-node-example",
      "dependencies": {
        "sendpository": "^0.3.2"
      },
      "engines": {
        "node": ">=20.6"
      }
    },
    "node_modules/sendpository": {
      "version": "0.3.2",
      "resolved": "https://registry.npmjs.org/sendpository/-/sendpository-0.3.2.tgz",
      "integrity": "sha512-XPTRyJ6lEYvp7WZsaZOm0671GU77QbPyrezCkgal8n055rT97sDb10qyDPCZUkjZfYfCQDq1mHvG1PuR1IuV6A==",
      "license": "MIT",
      "engines": {
        "node": ">=18"
      }
    }
  }
}
